
Microsoft Visual Studio Solution File, Format Version 12.00
# Visual Studio Version 17
VisualStudioVersion = 17.4.33110.190
MinimumVisualStudioVersion = 10.0.40219.1
Project("{FAE04EC0-301F-11D3-BF4B-00C04F79EFBC}") = "Project.NET1", "Project.NET1\Project.NET1.csproj", "{A7445BEF-1E29-4310-ADE0-C68FA0DC7C54}"
EndProject
Global
	GlobalSection(SolutionConfigurationPlatforms) = preSolution
		Debug|Any CPU = Debug|Any CPU
		Release|Any CPU = Release|Any CPU
	EndGlobalSection
	GlobalSection(ProjectConfigurationPlatforms) = postSolution
		{A7445BEF-1E29-4310-ADE0-C68FA0DC7C54}.Debug|Any CPU.ActiveCfg = Debug|Any CPU
		{A7445BEF-1E29-4310-ADE0-C68FA0DC7C54}.Debug|Any CPU.Build.0 = Debug|Any CPU
		{A7445BEF-1E29-4310-ADE0-C68FA0DC7C54}.Release|Any CPU.ActiveCfg = Release|Any CPU
		{A7445BEF-1E29-4310-ADE0-C68FA0DC7C54}.Release|Any CPU.Build.0 = Release|Any CPU
	EndGlobalSection
	GlobalSection(SolutionProperties) = preSolution
		HideSolutionNode = FALSE
	EndGlobalSection
	GlobalSection(ExtensibilityGlobals) = postSolution
		SolutionGuid = {90557C7A-C307-455C-B97D-DFEEF6DE1045}
	EndGlobalSection
EndGlobal
