
Microsoft Visual Studio Solution File, Format Version 12.00
# Visual Studio Version 17
VisualStudioVersion = 17.3.32811.315
MinimumVisualStudioVersion = 10.0.40219.1
Project("{FAE04EC0-301F-11D3-BF4B-00C04F79EFBC}") = "QueryString", "QueryString\QueryString.csproj", "{BB809FE5-0688-4F1A-84BD-95D710704C6F}"
EndProject
Global
	GlobalSection(SolutionConfigurationPlatforms) = preSolution
		Debug|Any CPU = Debug|Any CPU
		Release|Any CPU = Release|Any CPU
	EndGlobalSection
	GlobalSection(ProjectConfigurationPlatforms) = postSolution
		{BB809FE5-0688-4F1A-84BD-95D710704C6F}.Debug|Any CPU.ActiveCfg = Debug|Any CPU
		{BB809FE5-0688-4F1A-84BD-95D710704C6F}.Debug|Any CPU.Build.0 = Debug|Any CPU
		{BB809FE5-0688-4F1A-84BD-95D710704C6F}.Release|Any CPU.ActiveCfg = Release|Any CPU
		{BB809FE5-0688-4F1A-84BD-95D710704C6F}.Release|Any CPU.Build.0 = Release|Any CPU
	EndGlobalSection
	GlobalSection(SolutionProperties) = preSolution
		HideSolutionNode = FALSE
	EndGlobalSection
	GlobalSection(ExtensibilityGlobals) = postSolution
		SolutionGuid = {3ABEE672-B240-4A0E-A297-E425AA15E96E}
	EndGlobalSection
EndGlobal
